
Microsoft Visual Studio Solution File, Format Version 12.00
# Visual Studio 15
VisualStudioVersion = 15.0.27130.2010
MinimumVisualStudioVersion = 10.0.40219.1
Project("{2150E333-8FDC-42A3-9474-1A3956D46DE8}") = "src", "src", "{CDCAEAFD-A61C-4525-98F5-E8F7227FE7B3}"
EndProject
Project("{2150E333-8FDC-42A3-9474-1A3956D46DE8}") = "test", "test", "{0ACDB552-6577-497F-8DC5-F38941B5D395}"
EndProject
Project("{FAE04EC0-301F-11D3-BF4B-00C04F79EFBC}") = "Abp.Push.Common", "src\Abp.Push.Common\Abp.Push.Common.csproj", "{B4F6E73F-D573-461C-A4A6-8F838C50859F}"
EndProject
Project("{FAE04EC0-301F-11D3-BF4B-00C04F79EFBC}") = "Abp.Push", "src\Abp.Push\Abp.Push.csproj", "{62081BD6-0FAF-4EF1-BCE4-619AC948C7AF}"
EndProject
Project("{2150E333-8FDC-42A3-9474-1A3956D46DE8}") = "solution-items", "solution-items", "{0A8896A1-EC2E-44D8-BD7E-34D2E46A16CF}"
	ProjectSection(SolutionItems) = preProject
		.gitattributes = .gitattributes
		.gitignore = .gitignore
		appveyor.yml = appveyor.yml
		build.cake = build.cake
		build.ps1 = build.ps1
		common.props = common.props
		LICENSE = LICENSE
		README.md = README.md
	EndProjectSection
EndProject
Project("{FAE04EC0-301F-11D3-BF4B-00C04F79EFBC}") = "Abp.Push.Tests", "test\Abp.Push.Tests\Abp.Push.Tests.csproj", "{935CBB37-42F7-4100-91BD-425FC2E1A72B}"
EndProject
Global
	GlobalSection(SolutionConfigurationPlatforms) = preSolution
		Debug|Any CPU = Debug|Any CPU
		Release|Any CPU = Release|Any CPU
	EndGlobalSection
	GlobalSection(ProjectConfigurationPlatforms) = postSolution
		{B4F6E73F-D573-461C-A4A6-8F838C50859F}.Debug|Any CPU.ActiveCfg = Debug|Any CPU
		{B4F6E73F-D573-461C-A4A6-8F838C50859F}.Debug|Any CPU.Build.0 = Debug|Any CPU
		{B4F6E73F-D573-461C-A4A6-8F838C50859F}.Release|Any CPU.ActiveCfg = Release|Any CPU
		{B4F6E73F-D573-461C-A4A6-8F838C50859F}.Release|Any CPU.Build.0 = Release|Any CPU
		{62081BD6-0FAF-4EF1-BCE4-619AC948C7AF}.Debug|Any CPU.ActiveCfg = Debug|Any CPU
		{62081BD6-0FAF-4EF1-BCE4-619AC948C7AF}.Debug|Any CPU.Build.0 = Debug|Any CPU
		{62081BD6-0FAF-4EF1-BCE4-619AC948C7AF}.Release|Any CPU.ActiveCfg = Release|Any CPU
		{62081BD6-0FAF-4EF1-BCE4-619AC948C7AF}.Release|Any CPU.Build.0 = Release|Any CPU
		{935CBB37-42F7-4100-91BD-425FC2E1A72B}.Debug|Any CPU.ActiveCfg = Debug|Any CPU
		{935CBB37-42F7-4100-91BD-425FC2E1A72B}.Debug|Any CPU.Build.0 = Debug|Any CPU
		{935CBB37-42F7-4100-91BD-425FC2E1A72B}.Release|Any CPU.ActiveCfg = Release|Any CPU
		{935CBB37-42F7-4100-91BD-425FC2E1A72B}.Release|Any CPU.Build.0 = Release|Any CPU
	EndGlobalSection
	GlobalSection(SolutionProperties) = preSolution
		HideSolutionNode = FALSE
	EndGlobalSection
	GlobalSection(NestedProjects) = preSolution
		{B4F6E73F-D573-461C-A4A6-8F838C50859F} = {CDCAEAFD-A61C-4525-98F5-E8F7227FE7B3}
		{62081BD6-0FAF-4EF1-BCE4-619AC948C7AF} = {CDCAEAFD-A61C-4525-98F5-E8F7227FE7B3}
		{935CBB37-42F7-4100-91BD-425FC2E1A72B} = {0ACDB552-6577-497F-8DC5-F38941B5D395}
	EndGlobalSection
	GlobalSection(ExtensibilityGlobals) = postSolution
		SolutionGuid = {B2C237ED-C779-4CDF-96E9-CFD415CF820E}
	EndGlobalSection
	GlobalSection(MonoDevelopProperties) = preSolution
		Policies = $0
		$0.TextStylePolicy = $1
		$1.FileWidth = 80
		$1.TabsToSpaces = True
		$1.scope = text/x-csharp
		$0.CSharpFormattingPolicy = $2
		$2.scope = text/x-csharp
	EndGlobalSection
EndGlobal
